
Microsoft Visual Studio Solution File, Format Version 12.00
# Visual Studio 15
VisualStudioVersion = 15.0.27703.2000
MinimumVisualStudioVersion = 10.0.40219.1
Project("{8BC9CEB8-8B4A-11D0-8D11-00A0C91BC942}") = "Even Fibonacci numbers", "Even Fibonacci numbers\Even Fibonacci numbers.vcxproj", "{785A17F1-E8F0-4E96-8872-8E1442E94BFF}"
EndProject
Global
	GlobalSection(SolutionConfigurationPlatforms) = preSolution
		Debug|x64 = Debug|x64
		Debug|x86 = Debug|x86
		Release|x64 = Release|x64
		Release|x86 = Release|x86
	EndGlobalSection
	GlobalSection(ProjectConfigurationPlatforms) = postSolution
		{785A17F1-E8F0-4E96-8872-8E1442E94BFF}.Debug|x64.ActiveCfg = Debug|x64
		{785A17F1-E8F0-4E96-8872-8E1442E94BFF}.Debug|x64.Build.0 = Debug|x64
		{785A17F1-E8F0-4E96-8872-8E1442E94BFF}.Debug|x86.ActiveCfg = Debug|Win32
		{785A17F1-E8F0-4E96-8872-8E1442E94BFF}.Debug|x86.Build.0 = Debug|Win32
		{785A17F1-E8F0-4E96-8872-8E1442E94BFF}.Release|x64.ActiveCfg = Release|x64
		{785A17F1-E8F0-4E96-8872-8E1442E94BFF}.Release|x64.Build.0 = Release|x64
		{785A17F1-E8F0-4E96-8872-8E1442E94BFF}.Release|x86.ActiveCfg = Release|Win32
		{785A17F1-E8F0-4E96-8872-8E1442E94BFF}.Release|x86.Build.0 = Release|Win32
	EndGlobalSection
	GlobalSection(SolutionProperties) = preSolution
		HideSolutionNode = FALSE
	EndGlobalSection
	GlobalSection(ExtensibilityGlobals) = postSolution
		SolutionGuid = {74AF9F58-7300-4B5A-8370-9BFA57D40B52}
	EndGlobalSection
EndGlobal
